
Microsoft Visual Studio Solution File, Format Version 12.00
# Visual Studio Version 17
VisualStudioVersion = 17.0.31903.59
MinimumVisualStudioVersion = 10.0.40219.1
Project("{2150E333-8FDC-42A3-9474-1A3956D46DE8}") = "src", "src", "{827E0CD3-B72D-47B6-A68D-7590B98EB39B}"
EndProject
Project("{FAE04EC0-301F-11D3-BF4B-00C04F79EFBC}") = "BillingLedger.SharedKernel", "src\BillingLedger.SharedKernel\BillingLedger.SharedKernel.csproj", "{CB2B9701-B881-41CB-97F2-63F023D22BE1}"
EndProject
Project("{FAE04EC0-301F-11D3-BF4B-00C04F79EFBC}") = "BillingLedger.BuildingBlocks", "src\BillingLedger.BuildingBlocks\BillingLedger.BuildingBlocks.csproj", "{50BF283D-41DC-44B0-A49F-805471DFCE52}"
EndProject
Project("{FAE04EC0-301F-11D3-BF4B-00C04F79EFBC}") = "BillingLedger.Contracts", "src\BillingLedger.Contracts\BillingLedger.Contracts.csproj", "{19869DDF-2C98-4BBC-8B47-A270E122D748}"
EndProject
Project("{FAE04EC0-301F-11D3-BF4B-00C04F79EFBC}") = "BillingLedger.Billing.Api", "src\BillingLedger.Billing.Api\BillingLedger.Billing.Api.csproj", "{B5001577-6B0F-48DC-B3F8-8E264CE8826B}"
EndProject
Project("{FAE04EC0-301F-11D3-BF4B-00C04F79EFBC}") = "BillingLedger.Payments.Worker", "src\BillingLedger.Payments.Worker\BillingLedger.Payments.Worker.csproj", "{37804094-0DE8-42C2-8689-91734CB79703}"
EndProject
Project("{FAE04EC0-301F-11D3-BF4B-00C04F79EFBC}") = "BillingLedger.Ledger.Worker", "src\BillingLedger.Ledger.Worker\BillingLedger.Ledger.Worker.csproj", "{604DCBD8-2285-4841-819E-4F1C6E926DE4}"
EndProject
Project("{FAE04EC0-301F-11D3-BF4B-00C04F79EFBC}") = "BillingLedger.Billing.UnitTests", "tests\BillingLedger.Billing.UnitTests\BillingLedger.Billing.UnitTests.csproj", "{A00CF73B-3EEA-412F-9E4B-91950AD2E7A5}"
EndProject
Project("{FAE04EC0-301F-11D3-BF4B-00C04F79EFBC}") = "BillingLedger.Payments.UnitTests", "tests\BillingLedger.Payments.UnitTests\BillingLedger.Payments.UnitTests.csproj", "{F006A463-D541-4332-8562-071C0F907795}"
EndProject
Project("{FAE04EC0-301F-11D3-BF4B-00C04F79EFBC}") = "BillingLedger.Ledger.UnitTests", "tests\BillingLedger.Ledger.UnitTests\BillingLedger.Ledger.UnitTests.csproj", "{BD91CD13-3D9C-48CF-80D6-BDB9B30670A7}"
EndProject
Project("{FAE04EC0-301F-11D3-BF4B-00C04F79EFBC}") = "BillingLedger.IntegrationTests", "tests\BillingLedger.IntegrationTests\BillingLedger.IntegrationTests.csproj", "{C459AD0A-FDAD-49E1-B392-128428A26844}"
EndProject
Global
	GlobalSection(SolutionConfigurationPlatforms) = preSolution
		Debug|Any CPU = Debug|Any CPU
		Debug|x64 = Debug|x64
		Debug|x86 = Debug|x86
		Release|Any CPU = Release|Any CPU
		Release|x64 = Release|x64
		Release|x86 = Release|x86
	EndGlobalSection
	GlobalSection(ProjectConfigurationPlatforms) = postSolution
		{CB2B9701-B881-41CB-97F2-63F023D22BE1}.Debug|Any CPU.ActiveCfg = Debug|Any CPU
		{CB2B9701-B881-41CB-97F2-63F023D22BE1}.Debug|Any CPU.Build.0 = Debug|Any CPU
		{CB2B9701-B881-41CB-97F2-63F023D22BE1}.Debug|x64.ActiveCfg = Debug|Any CPU
		{CB2B9701-B881-41CB-97F2-63F023D22BE1}.Debug|x64.Build.0 = Debug|Any CPU
		{CB2B9701-B881-41CB-97F2-63F023D22BE1}.Debug|x86.ActiveCfg = Debug|Any CPU
		{CB2B9701-B881-41CB-97F2-63F023D22BE1}.Debug|x86.Build.0 = Debug|Any CPU
		{CB2B9701-B881-41CB-97F2-63F023D22BE1}.Release|Any CPU.ActiveCfg = Release|Any CPU
		{CB2B9701-B881-41CB-97F2-63F023D22BE1}.Release|Any CPU.Build.0 = Release|Any CPU
		{CB2B9701-B881-41CB-97F2-63F023D22BE1}.Release|x64.ActiveCfg = Release|Any CPU
		{CB2B9701-B881-41CB-97F2-63F023D22BE1}.Release|x64.Build.0 = Release|Any CPU
		{CB2B9701-B881-41CB-97F2-63F023D22BE1}.Release|x86.ActiveCfg = Release|Any CPU
		{CB2B9701-B881-41CB-97F2-63F023D22BE1}.Release|x86.Build.0 = Release|Any CPU
		{50BF283D-41DC-44B0-A49F-805471DFCE52}.Debug|Any CPU.ActiveCfg = Debug|Any CPU
		{50BF283D-41DC-44B0-A49F-805471DFCE52}.Debug|Any CPU.Build.0 = Debug|Any CPU
		{50BF283D-41DC-44B0-A49F-805471DFCE52}.Debug|x64.ActiveCfg = Debug|Any CPU
		{50BF283D-41DC-44B0-A49F-805471DFCE52}.Debug|x64.Build.0 = Debug|Any CPU
		{50BF283D-41DC-44B0-A49F-805471DFCE52}.Debug|x86.ActiveCfg = Debug|Any CPU
		{50BF283D-41DC-44B0-A49F-805471DFCE52}.Debug|x86.Build.0 = Debug|Any CPU
		{50BF283D-41DC-44B0-A49F-805471DFCE52}.Release|Any CPU.ActiveCfg = Release|Any CPU
		{50BF283D-41DC-44B0-A49F-805471DFCE52}.Release|Any CPU.Build.0 = Release|Any CPU
		{50BF283D-41DC-44B0-A49F-805471DFCE52}.Release|x64.ActiveCfg = Release|Any CPU
		{50BF283D-41DC-44B0-A49F-805471DFCE52}.Release|x64.Build.0 = Release|Any CPU
		{50BF283D-41DC-44B0-A49F-805471DFCE52}.Release|x86.ActiveCfg = Release|Any CPU
		{50BF283D-41DC-44B0-A49F-805471DFCE52}.Release|x86.Build.0 = Release|Any CPU
		{19869DDF-2C98-4BBC-8B47-A270E122D748}.Debug|Any CPU.ActiveCfg = Debug|Any CPU
		{19869DDF-2C98-4BBC-8B47-A270E122D748}.Debug|Any CPU.Build.0 = Debug|Any CPU
		{19869DDF-2C98-4BBC-8B47-A270E122D748}.Debug|x64.ActiveCfg = Debug|Any CPU
		{19869DDF-2C98-4BBC-8B47-A270E122D748}.Debug|x64.Build.0 = Debug|Any CPU
		{19869DDF-2C98-4BBC-8B47-A270E122D748}.Debug|x86.ActiveCfg = Debug|Any CPU
		{19869DDF-2C98-4BBC-8B47-A270E122D748}.Debug|x86.Build.0 = Debug|Any CPU
		{19869DDF-2C98-4BBC-8B47-A270E122D748}.Release|Any CPU.ActiveCfg = Release|Any CPU
		{19869DDF-2C98-4BBC-8B47-A270E122D748}.Release|Any CPU.Build.0 = Release|Any CPU
		{19869DDF-2C98-4BBC-8B47-A270E122D748}.Release|x64.ActiveCfg = Release|Any CPU
		{19869DDF-2C98-4BBC-8B47-A270E122D748}.Release|x64.Build.0 = Release|Any CPU
		{19869DDF-2C98-4BBC-8B47-A270E122D748}.Release|x86.ActiveCfg = Release|Any CPU
		{19869DDF-2C98-4BBC-8B47-A270E122D748}.Release|x86.Build.0 = Release|Any CPU
		{B5001577-6B0F-48DC-B3F8-8E264CE8826B}.Debug|Any CPU.ActiveCfg = Debug|Any CPU
		{B5001577-6B0F-48DC-B3F8-8E264CE8826B}.Debug|Any CPU.Build.0 = Debug|Any CPU
		{B5001577-6B0F-48DC-B3F8-8E264CE8826B}.Debug|x64.ActiveCfg = Debug|Any CPU
		{B5001577-6B0F-48DC-B3F8-8E264CE8826B}.Debug|x64.Build.0 = Debug|Any CPU
		{B5001577-6B0F-48DC-B3F8-8E264CE8826B}.Debug|x86.ActiveCfg = Debug|Any CPU
		{B5001577-6B0F-48DC-B3F8-8E264CE8826B}.Debug|x86.Build.0 = Debug|Any CPU
		{B5001577-6B0F-48DC-B3F8-8E264CE8826B}.Release|Any CPU.ActiveCfg = Release|Any CPU
		{B5001577-6B0F-48DC-B3F8-8E264CE8826B}.Release|Any CPU.Build.0 = Release|Any CPU
		{B5001577-6B0F-48DC-B3F8-8E264CE8826B}.Release|x64.ActiveCfg = Release|Any CPU
		{B5001577-6B0F-48DC-B3F8-8E264CE8826B}.Release|x64.Build.0 = Release|Any CPU
		{B5001577-6B0F-48DC-B3F8-8E264CE8826B}.Release|x86.ActiveCfg = Release|Any CPU
		{B5001577-6B0F-48DC-B3F8-8E264CE8826B}.Release|x86.Build.0 = Release|Any CPU
		{37804094-0DE8-42C2-8689-91734CB79703}.Debug|Any CPU.ActiveCfg = Debug|Any CPU
		{37804094-0DE8-42C2-8689-91734CB79703}.Debug|Any CPU.Build.0 = Debug|Any CPU
		{37804094-0DE8-42C2-8689-91734CB79703}.Debug|x64.ActiveCfg = Debug|Any CPU
		{37804094-0DE8-42C2-8689-91734CB79703}.Debug|x64.Build.0 = Debug|Any CPU
		{37804094-0DE8-42C2-8689-91734CB79703}.Debug|x86.ActiveCfg = Debug|Any CPU
		{37804094-0DE8-42C2-8689-91734CB79703}.Debug|x86.Build.0 = Debug|Any CPU
		{37804094-0DE8-42C2-8689-91734CB79703}.Release|Any CPU.ActiveCfg = Release|Any CPU
		{37804094-0DE8-42C2-8689-91734CB79703}.Release|Any CPU.Build.0 = Release|Any CPU
		{37804094-0DE8-42C2-8689-91734CB79703}.Release|x64.ActiveCfg = Release|Any CPU
		{37804094-0DE8-42C2-8689-91734CB79703}.Release|x64.Build.0 = Release|Any CPU
		{37804094-0DE8-42C2-8689-91734CB79703}.Release|x86.ActiveCfg = Release|Any CPU
		{37804094-0DE8-42C2-8689-91734CB79703}.Release|x86.Build.0 = Release|Any CPU
		{604DCBD8-2285-4841-819E-4F1C6E926DE4}.Debug|Any CPU.ActiveCfg = Debug|Any CPU
		{604DCBD8-2285-4841-819E-4F1C6E926DE4}.Debug|Any CPU.Build.0 = Debug|Any CPU
		{604DCBD8-2285-4841-819E-4F1C6E926DE4}.Debug|x64.ActiveCfg = Debug|Any CPU
		{604DCBD8-2285-4841-819E-4F1C6E926DE4}.Debug|x64.Build.0 = Debug|Any CPU
		{604DCBD8-2285-4841-819E-4F1C6E926DE4}.Debug|x86.ActiveCfg = Debug|Any CPU
		{604DCBD8-2285-4841-819E-4F1C6E926DE4}.Debug|x86.Build.0 = Debug|Any CPU
		{604DCBD8-2285-4841-819E-4F1C6E926DE4}.Release|Any CPU.ActiveCfg = Release|Any CPU
		{604DCBD8-2285-4841-819E-4F1C6E926DE4}.Release|Any CPU.Build.0 = Release|Any CPU
		{604DCBD8-2285-4841-819E-4F1C6E926DE4}.Release|x64.ActiveCfg = Release|Any CPU
		{604DCBD8-2285-4841-819E-4F1C6E926DE4}.Release|x64.Build.0 = Release|Any CPU
		{604DCBD8-2285-4841-819E-4F1C6E926DE4}.Release|x86.ActiveCfg = Release|Any CPU
		{604DCBD8-2285-4841-819E-4F1C6E926DE4}.Release|x86.Build.0 = Release|Any CPU
		{A00CF73B-3EEA-412F-9E4B-91950AD2E7A5}.Debug|Any CPU.ActiveCfg = Debug|Any CPU
		{A00CF73B-3EEA-412F-9E4B-91950AD2E7A5}.Debug|Any CPU.Build.0 = Debug|Any CPU
		{A00CF73B-3EEA-412F-9E4B-91950AD2E7A5}.Debug|x64.ActiveCfg = Debug|Any CPU
		{A00CF73B-3EEA-412F-9E4B-91950AD2E7A5}.Debug|x64.Build.0 = Debug|Any CPU
		{A00CF73B-3EEA-412F-9E4B-91950AD2E7A5}.Debug|x86.ActiveCfg = Debug|Any CPU
		{A00CF73B-3EEA-412F-9E4B-91950AD2E7A5}.Debug|x86.Build.0 = Debug|Any CPU
		{A00CF73B-3EEA-412F-9E4B-91950AD2E7A5}.Release|Any CPU.ActiveCfg = Release|Any CPU
		{A00CF73B-3EEA-412F-9E4B-91950AD2E7A5}.Release|Any CPU.Build.0 = Release|Any CPU
		{A00CF73B-3EEA-412F-9E4B-91950AD2E7A5}.Release|x64.ActiveCfg = Release|Any CPU
		{A00CF73B-3EEA-412F-9E4B-91950AD2E7A5}.Release|x64.Build.0 = Release|Any CPU
		{A00CF73B-3EEA-412F-9E4B-91950AD2E7A5}.Release|x86.ActiveCfg = Release|Any CPU
		{A00CF73B-3EEA-412F-9E4B-91950AD2E7A5}.Release|x86.Build.0 = Release|Any CPU
		{F006A463-D541-4332-8562-071C0F907795}.Debug|Any CPU.ActiveCfg = Debug|Any CPU
		{F006A463-D541-4332-8562-071C0F907795}.Debug|Any CPU.Build.0 = Debug|Any CPU
		{F006A463-D541-4332-8562-071C0F907795}.Debug|x64.ActiveCfg = Debug|Any CPU
		{F006A463-D541-4332-8562-071C0F907795}.Debug|x64.Build.0 = Debug|Any CPU
		{F006A463-D541-4332-8562-071C0F907795}.Debug|x86.ActiveCfg = Debug|Any CPU
		{F006A463-D541-4332-8562-071C0F907795}.Debug|x86.Build.0 = Debug|Any CPU
		{F006A463-D541-4332-8562-071C0F907795}.Release|Any CPU.ActiveCfg = Release|Any CPU
		{F006A463-D541-4332-8562-071C0F907795}.Release|Any CPU.Build.0 = Release|Any CPU
		{F006A463-D541-4332-8562-071C0F907795}.Release|x64.ActiveCfg = Release|Any CPU
		{F006A463-D541-4332-8562-071C0F907795}.Release|x64.Build.0 = Release|Any CPU
		{F006A463-D541-4332-8562-071C0F907795}.Release|x86.ActiveCfg = Release|Any CPU
		{F006A463-D541-4332-8562-071C0F907795}.Release|x86.Build.0 = Release|Any CPU
		{BD91CD13-3D9C-48CF-80D6-BDB9B30670A7}.Debug|Any CPU.ActiveCfg = Debug|Any CPU
		{BD91CD13-3D9C-48CF-80D6-BDB9B30670A7}.Debug|Any CPU.Build.0 = Debug|Any CPU
		{BD91CD13-3D9C-48CF-80D6-BDB9B30670A7}.Debug|x64.ActiveCfg = Debug|Any CPU
		{BD91CD13-3D9C-48CF-80D6-BDB9B30670A7}.Debug|x64.Build.0 = Debug|Any CPU
		{BD91CD13-3D9C-48CF-80D6-BDB9B30670A7}.Debug|x86.ActiveCfg = Debug|Any CPU
		{BD91CD13-3D9C-48CF-80D6-BDB9B30670A7}.Debug|x86.Build.0 = Debug|Any CPU
		{BD91CD13-3D9C-48CF-80D6-BDB9B30670A7}.Release|Any CPU.ActiveCfg = Release|Any CPU
		{BD91CD13-3D9C-48CF-80D6-BDB9B30670A7}.Release|Any CPU.Build.0 = Release|Any CPU
		{BD91CD13-3D9C-48CF-80D6-BDB9B30670A7}.Release|x64.ActiveCfg = Release|Any CPU
		{BD91CD13-3D9C-48CF-80D6-BDB9B30670A7}.Release|x64.Build.0 = Release|Any CPU
		{BD91CD13-3D9C-48CF-80D6-BDB9B30670A7}.Release|x86.ActiveCfg = Release|Any CPU
		{BD91CD13-3D9C-48CF-80D6-BDB9B30670A7}.Release|x86.Build.0 = Release|Any CPU
		{C459AD0A-FDAD-49E1-B392-128428A26844}.Debug|Any CPU.ActiveCfg = Debug|Any CPU
		{C459AD0A-FDAD-49E1-B392-128428A26844}.Debug|Any CPU.Build.0 = Debug|Any CPU
		{C459AD0A-FDAD-49E1-B392-128428A26844}.Debug|x64.ActiveCfg = Debug|Any CPU
		{C459AD0A-FDAD-49E1-B392-128428A26844}.Debug|x64.Build.0 = Debug|Any CPU
		{C459AD0A-FDAD-49E1-B392-128428A26844}.Debug|x86.ActiveCfg = Debug|Any CPU
		{C459AD0A-FDAD-49E1-B392-128428A26844}.Debug|x86.Build.0 = Debug|Any CPU
		{C459AD0A-FDAD-49E1-B392-128428A26844}.Release|Any CPU.ActiveCfg = Release|Any CPU
		{C459AD0A-FDAD-49E1-B392-128428A26844}.Release|Any CPU.Build.0 = Release|Any CPU
		{C459AD0A-FDAD-49E1-B392-128428A26844}.Release|x64.ActiveCfg = Release|Any CPU
		{C459AD0A-FDAD-49E1-B392-128428A26844}.Release|x64.Build.0 = Release|Any CPU
		{C459AD0A-FDAD-49E1-B392-128428A26844}.Release|x86.ActiveCfg = Release|Any CPU
		{C459AD0A-FDAD-49E1-B392-128428A26844}.Release|x86.Build.0 = Release|Any CPU
	EndGlobalSection
	GlobalSection(SolutionProperties) = preSolution
		HideSolutionNode = FALSE
	EndGlobalSection
	GlobalSection(NestedProjects) = preSolution
		{CB2B9701-B881-41CB-97F2-63F023D22BE1} = {827E0CD3-B72D-47B6-A68D-7590B98EB39B}
		{50BF283D-41DC-44B0-A49F-805471DFCE52} = {827E0CD3-B72D-47B6-A68D-7590B98EB39B}
		{19869DDF-2C98-4BBC-8B47-A270E122D748} = {827E0CD3-B72D-47B6-A68D-7590B98EB39B}
		{B5001577-6B0F-48DC-B3F8-8E264CE8826B} = {827E0CD3-B72D-47B6-A68D-7590B98EB39B}
		{37804094-0DE8-42C2-8689-91734CB79703} = {827E0CD3-B72D-47B6-A68D-7590B98EB39B}
		{604DCBD8-2285-4841-819E-4F1C6E926DE4} = {827E0CD3-B72D-47B6-A68D-7590B98EB39B}
		{A00CF73B-3EEA-412F-9E4B-91950AD2E7A5} = {827E0CD3-B72D-47B6-A68D-7590B98EB39B}
		{F006A463-D541-4332-8562-071C0F907795} = {827E0CD3-B72D-47B6-A68D-7590B98EB39B}
		{BD91CD13-3D9C-48CF-80D6-BDB9B30670A7} = {827E0CD3-B72D-47B6-A68D-7590B98EB39B}
		{C459AD0A-FDAD-49E1-B392-128428A26844} = {827E0CD3-B72D-47B6-A68D-7590B98EB39B}
	EndGlobalSection
EndGlobal
